// !$*UTF8*$!
{
	archiveVersion = 1;
	classes = {
	};
	objectVersion = 77;
	objects = {

/* Begin PBXBuildFile section */
		DBCCF9282D6F1884001623B2 /* AppDelegate.swift in Sources */ = {isa = PBXBuildFile; fileRef = DBCCF9272D6F1884001623B2 /* AppDelegate.swift */; };
		DBCCF9312D6F1885001623B2 /* Assets.xcassets in Resources */ = {isa = PBXBuildFile; fileRef = DBCCF9302D6F1885001623B2 /* Assets.xcassets */; };
		DBCCF93F2D6F1C98001623B2 /* SnapKit in Frameworks */ = {isa = PBXBuildFile; productRef = DBCCF93E2D6F1C97001623B2 /* SnapKit */; };
		DBCCF9422D6F1CB7001623B2 /* Alamofire in Frameworks */ = {isa = PBXBuildFile; productRef = DBCCF9412D6F1CB7001623B2 /* Alamofire */; };
		DBCCF94C2D6F1FA2001623B2 /* TodosViewController.swift in Sources */ = {isa = PBXBuildFile; fileRef = DBCCF94B2D6F1FA2001623B2 /* TodosViewController.swift */; };
		DBCCF94E2D6F1FB1001623B2 /* TodosViewModel.swift in Sources */ = {isa = PBXBuildFile; fileRef = DBCCF94D2D6F1FAB001623B2 /* TodosViewModel.swift */; };
		DBCCF9512D6F2032001623B2 /* NetworkSevice.swift in Sources */ = {isa = PBXBuildFile; fileRef = DBCCF9502D6F2024001623B2 /* NetworkSevice.swift */; };
		DBCCF9532D6F205E001623B2 /* CustomError.swift in Sources */ = {isa = PBXBuildFile; fileRef = DBCCF9522D6F205A001623B2 /* CustomError.swift */; };
		DBCCF9552D6F262B001623B2 /* Models.swift in Sources */ = {isa = PBXBuildFile; fileRef = DBCCF9542D6F2626001623B2 /* Models.swift */; };
/* End PBXBuildFile section */

/* Begin PBXFileReference section */
		DBCCF9242D6F1884001623B2 /* OsonTask.app */ = {isa = PBXFileReference; explicitFileType = wrapper.application; includeInIndex = 0; path = OsonTask.app; sourceTree = BUILT_PRODUCTS_DIR; };
		DBCCF9272D6F1884001623B2 /* AppDelegate.swift */ = {isa = PBXFileReference; lastKnownFileType = sourcecode.swift; path = AppDelegate.swift; sourceTree = "<group>"; };
		DBCCF9302D6F1885001623B2 /* Assets.xcassets */ = {isa = PBXFileReference; lastKnownFileType = folder.assetcatalog; path = Assets.xcassets; sourceTree = "<group>"; };
		DBCCF9352D6F1885001623B2 /* Info.plist */ = {isa = PBXFileReference; lastKnownFileType = text.plist.xml; path = Info.plist; sourceTree = "<group>"; };
		DBCCF94B2D6F1FA2001623B2 /* TodosViewController.swift */ = {isa = PBXFileReference; lastKnownFileType = sourcecode.swift; path = TodosViewController.swift; sourceTree = "<group>"; };
		DBCCF94D2D6F1FAB001623B2 /* TodosViewModel.swift */ = {isa = PBXFileReference; lastKnownFileType = sourcecode.swift; path = TodosViewModel.swift; sourceTree = "<group>"; };
		DBCCF9502D6F2024001623B2 /* NetworkSevice.swift */ = {isa = PBXFileReference; lastKnownFileType = sourcecode.swift; path = NetworkSevice.swift; sourceTree = "<group>"; };
		DBCCF9522D6F205A001623B2 /* CustomError.swift */ = {isa = PBXFileReference; lastKnownFileType = sourcecode.swift; path = CustomError.swift; sourceTree = "<group>"; };
		DBCCF9542D6F2626001623B2 /* Models.swift */ = {isa = PBXFileReference; lastKnownFileType = sourcecode.swift; path = Models.swift; sourceTree = "<group>"; };
/* End PBXFileReference section */

/* Begin PBXFrameworksBuildPhase section */
		DBCCF9212D6F1884001623B2 /* Frameworks */ = {
			isa = PBXFrameworksBuildPhase;
			buildActionMask = 2147483647;
			files = (
				DBCCF93F2D6F1C98001623B2 /* SnapKit in Frameworks */,
				DBCCF9422D6F1CB7001623B2 /* Alamofire in Frameworks */,
			);
			runOnlyForDeploymentPostprocessing = 0;
		};
/* End PBXFrameworksBuildPhase section */

/* Begin PBXGroup section */
		DBCCF91B2D6F1884001623B2 = {
			isa = PBXGroup;
			children = (
				DBCCF93C2D6F18A0001623B2 /* OsonTask */,
				DBCCF9252D6F1884001623B2 /* Products */,
			);
			sourceTree = "<group>";
		};
		DBCCF9252D6F1884001623B2 /* Products */ = {
			isa = PBXGroup;
			children = (
				DBCCF9242D6F1884001623B2 /* OsonTask.app */,
			);
			name = Products;
			sourceTree = "<group>";
		};
		DBCCF93C2D6F18A0001623B2 /* OsonTask */ = {
			isa = PBXGroup;
			children = (
				DBCCF9482D6F1E60001623B2 /* Resources */,
				DBCCF94A2D6F1F50001623B2 /* Network */,
				DBCCF9492D6F1F41001623B2 /* Moduls */,
				DBCCF9352D6F1885001623B2 /* Info.plist */,
			);
			path = OsonTask;
			sourceTree = "<group>";
		};
		DBCCF9482D6F1E60001623B2 /* Resources */ = {
			isa = PBXGroup;
			children = (
				DBCCF9272D6F1884001623B2 /* AppDelegate.swift */,
				DBCCF9302D6F1885001623B2 /* Assets.xcassets */,
			);
			path = Resources;
			sourceTree = "<group>";
		};
		DBCCF9492D6F1F41001623B2 /* Moduls */ = {
			isa = PBXGroup;
			children = (
				DBCCF94B2D6F1FA2001623B2 /* TodosViewController.swift */,
				DBCCF94D2D6F1FAB001623B2 /* TodosViewModel.swift */,
			);
			path = Moduls;
			sourceTree = "<group>";
		};
		DBCCF94A2D6F1F50001623B2 /* Network */ = {
			isa = PBXGroup;
			children = (
				DBCCF9542D6F2626001623B2 /* Models.swift */,
				DBCCF9522D6F205A001623B2 /* CustomError.swift */,
				DBCCF9502D6F2024001623B2 /* NetworkSevice.swift */,
			);
			path = Network;
			sourceTree = "<group>";
		};
/* End PBXGroup section */

/* Begin PBXNativeTarget section */
		DBCCF9232D6F1884001623B2 /* OsonTask */ = {
			isa = PBXNativeTarget;
			buildConfigurationList = DBCCF9372D6F1885001623B2 /* Build configuration list for PBXNativeTarget "OsonTask" */;
			buildPhases = (
				DBCCF9202D6F1884001623B2 /* Sources */,
				DBCCF9212D6F1884001623B2 /* Frameworks */,
				DBCCF9222D6F1884001623B2 /* Resources */,
			);
			buildRules = (
			);
			dependencies = (
			);
			name = OsonTask;
			packageProductDependencies = (
				DBCCF93E2D6F1C97001623B2 /* SnapKit */,
				DBCCF9412D6F1CB7001623B2 /* Alamofire */,
			);
			productName = OsonTask;
			productReference = DBCCF9242D6F1884001623B2 /* OsonTask.app */;
			productType = "com.apple.product-type.application";
		};
/* End PBXNativeTarget section */

/* Begin PBXProject section */
		DBCCF91C2D6F1884001623B2 /* Project object */ = {
			isa = PBXProject;
			attributes = {
				BuildIndependentTargetsInParallel = 1;
				LastSwiftUpdateCheck = 1620;
				LastUpgradeCheck = 1620;
				TargetAttributes = {
					DBCCF9232D6F1884001623B2 = {
						CreatedOnToolsVersion = 16.2;
					};
				};
			};
			buildConfigurationList = DBCCF91F2D6F1884001623B2 /* Build configuration list for PBXProject "OsonTask" */;
			developmentRegion = en;
			hasScannedForEncodings = 0;
			knownRegions = (
				en,
				Base,
			);
			mainGroup = DBCCF91B2D6F1884001623B2;
			minimizedProjectReferenceProxies = 1;
			packageReferences = (
				DBCCF93D2D6F1C97001623B2 /* XCRemoteSwiftPackageReference "SnapKit" */,
				DBCCF9402D6F1CB7001623B2 /* XCRemoteSwiftPackageReference "Alamofire" */,
			);
			preferredProjectObjectVersion = 77;
			productRefGroup = DBCCF9252D6F1884001623B2 /* Products */;
			projectDirPath = "";
			projectRoot = "";
			targets = (
				DBCCF9232D6F1884001623B2 /* OsonTask */,
			);
		};
/* End PBXProject section */

/* Begin PBXResourcesBuildPhase section */
		DBCCF9222D6F1884001623B2 /* Resources */ = {
			isa = PBXResourcesBuildPhase;
			buildActionMask = 2147483647;
			files = (
				DBCCF9312D6F1885001623B2 /* Assets.xcassets in Resources */,
			);
			runOnlyForDeploymentPostprocessing = 0;
		};
/* End PBXResourcesBuildPhase section */

/* Begin PBXSourcesBuildPhase section */
		DBCCF9202D6F1884001623B2 /* Sources */ = {
			isa = PBXSourcesBuildPhase;
			buildActionMask = 2147483647;
			files = (
				DBCCF9532D6F205E001623B2 /* CustomError.swift in Sources */,
				DBCCF94C2D6F1FA2001623B2 /* TodosViewController.swift in Sources */,
				DBCCF94E2D6F1FB1001623B2 /* TodosViewModel.swift in Sources */,
				DBCCF9552D6F262B001623B2 /* Models.swift in Sources */,
				DBCCF9282D6F1884001623B2 /* AppDelegate.swift in Sources */,
				DBCCF9512D6F2032001623B2 /* NetworkSevice.swift in Sources */,
			);
			runOnlyForDeploymentPostprocessing = 0;
		};
/* End PBXSourcesBuildPhase section */

/* Begin XCBuildConfiguration section */
		DBCCF9382D6F1885001623B2 /* Debug */ = {
			isa = XCBuildConfiguration;
			buildSettings = {
				ASSETCATALOG_COMPILER_APPICON_NAME = AppIcon;
				ASSETCATALOG_COMPILER_GLOBAL_ACCENT_COLOR_NAME = AccentColor;
				CODE_SIGN_STYLE = Automatic;
				CURRENT_PROJECT_VERSION = 1;
				DEVELOPMENT_TEAM = 7GLT7PUB6Q;
				GENERATE_INFOPLIST_FILE = YES;
				INFOPLIST_FILE = OsonTask/Info.plist;
				INFOPLIST_KEY_UIApplicationSupportsIndirectInputEvents = YES;
				INFOPLIST_KEY_UILaunchStoryboardName = LaunchScreen;
				INFOPLIST_KEY_UISupportedInterfaceOrientations_iPad = "UIInterfaceOrientationPortrait UIInterfaceOrientationPortraitUpsideDown UIInterfaceOrientationLandscapeLeft UIInterfaceOrientationLandscapeRight";
				INFOPLIST_KEY_UISupportedInterfaceOrientations_iPhone = "UIInterfaceOrientationPortrait UIInterfaceOrientationLandscapeLeft UIInterfaceOrientationLandscapeRight";
				IPHONEOS_DEPLOYMENT_TARGET = 16.6;
				LD_RUNPATH_SEARCH_PATHS = (
					"$(inherited)",
					"@executable_path/Frameworks",
				);
				MARKETING_VERSION = 1.0;
				PRODUCT_BUNDLE_IDENTIFIER = www.OsonTask;
				PRODUCT_NAME = "$(TARGET_NAME)";
				SWIFT_EMIT_LOC_STRINGS = YES;
				SWIFT_VERSION = 5.0;
				TARGETED_DEVICE_FAMILY = "1,2";
			};
			name = Debug;
		};
		DBCCF9392D6F1885001623B2 /* Release */ = {
			isa = XCBuildConfiguration;
			buildSettings = {
				ASSETCATALOG_COMPILER_APPICON_NAME = AppIcon;
				ASSETCATALOG_COMPILER_GLOBAL_ACCENT_COLOR_NAME = AccentColor;
				CODE_SIGN_STYLE = Automatic;
				CURRENT_PROJECT_VERSION = 1;
				DEVELOPMENT_TEAM = 7GLT7PUB6Q;
				GENERATE_INFOPLIST_FILE = YES;
				INFOPLIST_FILE = OsonTask/Info.plist;
				INFOPLIST_KEY_UIApplicationSupportsIndirectInputEvents = YES;
				INFOPLIST_KEY_UILaunchStoryboardName = LaunchScreen;
				INFOPLIST_KEY_UISupportedInterfaceOrientations_iPad = "UIInterfaceOrientationPortrait UIInterfaceOrientationPortraitUpsideDown UIInterfaceOrientationLandscapeLeft UIInterfaceOrientationLandscapeRight";
				INFOPLIST_KEY_UISupportedInterfaceOrientations_iPhone = "UIInterfaceOrientationPortrait UIInterfaceOrientationLandscapeLeft UIInterfaceOrientationLandscapeRight";
				IPHONEOS_DEPLOYMENT_TARGET = 16.6;
				LD_RUNPATH_SEARCH_PATHS = (
					"$(inherited)",
					"@executable_path/Frameworks",
				);
				MARKETING_VERSION = 1.0;
				PRODUCT_BUNDLE_IDENTIFIER = www.OsonTask;
				PRODUCT_NAME = "$(TARGET_NAME)";
				SWIFT_EMIT_LOC_STRINGS = YES;
				SWIFT_VERSION = 5.0;
				TARGETED_DEVICE_FAMILY = "1,2";
			};
			name = Release;
		};
		DBCCF93A2D6F1885001623B2 /* Debug */ = {
			isa = XCBuildConfiguration;
			buildSettings = {
				ALWAYS_SEARCH_USER_PATHS = NO;
				ASSETCATALOG_COMPILER_GENERATE_SWIFT_ASSET_SYMBOL_EXTENSIONS = YES;
				CLANG_ANALYZER_NONNULL = YES;
				CLANG_ANALYZER_NUMBER_OBJECT_CONVERSION = YES_AGGRESSIVE;
				CLANG_CXX_LANGUAGE_STANDARD = "gnu++20";
				CLANG_ENABLE_MODULES = YES;
				CLANG_ENABLE_OBJC_ARC = YES;
				CLANG_ENABLE_OBJC_WEAK = YES;
				CLANG_WARN_BLOCK_CAPTURE_AUTORELEASING = YES;
				CLANG_WARN_BOOL_CONVERSION = YES;
				CLANG_WARN_COMMA = YES;
				CLANG_WARN_CONSTANT_CONVERSION = YES;
				CLANG_WARN_DEPRECATED_OBJC_IMPLEMENTATIONS = YES;
				CLANG_WARN_DIRECT_OBJC_ISA_USAGE = YES_ERROR;
				CLANG_WARN_DOCUMENTATION_COMMENTS = YES;
				CLANG_WARN_EMPTY_BODY = YES;
				CLANG_WARN_ENUM_CONVERSION = YES;
				CLANG_WARN_INFINITE_RECURSION = YES;
				CLANG_WARN_INT_CONVERSION = YES;
				CLANG_WARN_NON_LITERAL_NULL_CONVERSION = YES;
				CLANG_WARN_OBJC_IMPLICIT_RETAIN_SELF = YES;
				CLANG_WARN_OBJC_LITERAL_CONVERSION = YES;
				CLANG_WARN_OBJC_ROOT_CLASS = YES_ERROR;
				CLANG_WARN_QUOTED_INCLUDE_IN_FRAMEWORK_HEADER = YES;
				CLANG_WARN_RANGE_LOOP_ANALYSIS = YES;
				CLANG_WARN_STRICT_PROTOTYPES = YES;
				CLANG_WARN_SUSPICIOUS_MOVE = YES;
				CLANG_WARN_UNGUARDED_AVAILABILITY = YES_AGGRESSIVE;
				CLANG_WARN_UNREACHABLE_CODE = YES;
				CLANG_WARN__DUPLICATE_METHOD_MATCH = YES;
				COPY_PHASE_STRIP = NO;
				DEBUG_INFORMATION_FORMAT = dwarf;
				ENABLE_STRICT_OBJC_MSGSEND = YES;
				ENABLE_TESTABILITY = YES;
				ENABLE_USER_SCRIPT_SANDBOXING = YES;
				GCC_C_LANGUAGE_STANDARD = gnu17;
				GCC_DYNAMIC_NO_PIC = NO;
				GCC_NO_COMMON_BLOCKS = YES;
				GCC_OPTIMIZATION_LEVEL = 0;
				GCC_PREPROCESSOR_DEFINITIONS = (
					"DEBUG=1",
					"$(inherited)",
				);
				GCC_WARN_64_TO_32_BIT_CONVERSION = YES;
				GCC_WARN_ABOUT_RETURN_TYPE = YES_ERROR;
				GCC_WARN_UNDECLARED_SELECTOR = YES;
				GCC_WARN_UNINITIALIZED_AUTOS = YES_AGGRESSIVE;
				GCC_WARN_UNUSED_FUNCTION = YES;
				GCC_WARN_UNUSED_VARIABLE = YES;
				IPHONEOS_DEPLOYMENT_TARGET = 18.2;
				LOCALIZATION_PREFERS_STRING_CATALOGS = YES;
				MTL_ENABLE_DEBUG_INFO = INCLUDE_SOURCE;
				MTL_FAST_MATH = YES;
				ONLY_ACTIVE_ARCH = YES;
				SDKROOT = iphoneos;
				SWIFT_ACTIVE_COMPILATION_CONDITIONS = "DEBUG $(inherited)";
				SWIFT_OPTIMIZATION_LEVEL = "-Onone";
			};
			name = Debug;
		};
		DBCCF93B2D6F1885001623B2 /* Release */ = {
			isa = XCBuildConfiguration;
			buildSettings = {
				ALWAYS_SEARCH_USER_PATHS = NO;
				ASSETCATALOG_COMPILER_GENERATE_SWIFT_ASSET_SYMBOL_EXTENSIONS = YES;
				CLANG_ANALYZER_NONNULL = YES;
				CLANG_ANALYZER_NUMBER_OBJECT_CONVERSION = YES_AGGRESSIVE;
				CLANG_CXX_LANGUAGE_STANDARD = "gnu++20";
				CLANG_ENABLE_MODULES = YES;
				CLANG_ENABLE_OBJC_ARC = YES;
				CLANG_ENABLE_OBJC_WEAK = YES;
				CLANG_WARN_BLOCK_CAPTURE_AUTORELEASING = YES;
				CLANG_WARN_BOOL_CONVERSION = YES;
				CLANG_WARN_COMMA = YES;
				CLANG_WARN_CONSTANT_CONVERSION = YES;
				CLANG_WARN_DEPRECATED_OBJC_IMPLEMENTATIONS = YES;
				CLANG_WARN_DIRECT_OBJC_ISA_USAGE = YES_ERROR;
				CLANG_WARN_DOCUMENTATION_COMMENTS = YES;
				CLANG_WARN_EMPTY_BODY = YES;
				CLANG_WARN_ENUM_CONVERSION = YES;
				CLANG_WARN_INFINITE_RECURSION = YES;
				CLANG_WARN_INT_CONVERSION = YES;
				CLANG_WARN_NON_LITERAL_NULL_CONVERSION = YES;
				CLANG_WARN_OBJC_IMPLICIT_RETAIN_SELF = YES;
				CLANG_WARN_OBJC_LITERAL_CONVERSION = YES;
				CLANG_WARN_OBJC_ROOT_CLASS = YES_ERROR;
				CLANG_WARN_QUOTED_INCLUDE_IN_FRAMEWORK_HEADER = YES;
				CLANG_WARN_RANGE_LOOP_ANALYSIS = YES;
				CLANG_WARN_STRICT_PROTOTYPES = YES;
				CLANG_WARN_SUSPICIOUS_MOVE = YES;
				CLANG_WARN_UNGUARDED_AVAILABILITY = YES_AGGRESSIVE;
				CLANG_WARN_UNREACHABLE_CODE = YES;
				CLANG_WARN__DUPLICATE_METHOD_MATCH = YES;
				COPY_PHASE_STRIP = NO;
				DEBUG_INFORMATION_FORMAT = "dwarf-with-dsym";
				ENABLE_NS_ASSERTIONS = NO;
				ENABLE_STRICT_OBJC_MSGSEND = YES;
				ENABLE_USER_SCRIPT_SANDBOXING = YES;
				GCC_C_LANGUAGE_STANDARD = gnu17;
				GCC_NO_COMMON_BLOCKS = YES;
				GCC_WARN_64_TO_32_BIT_CONVERSION = YES;
				GCC_WARN_ABOUT_RETURN_TYPE = YES_ERROR;
				GCC_WARN_UNDECLARED_SELECTOR = YES;
				GCC_WARN_UNINITIALIZED_AUTOS = YES_AGGRESSIVE;
				GCC_WARN_UNUSED_FUNCTION = YES;
				GCC_WARN_UNUSED_VARIABLE = YES;
				IPHONEOS_DEPLOYMENT_TARGET = 18.2;
				LOCALIZATION_PREFERS_STRING_CATALOGS = YES;
				MTL_ENABLE_DEBUG_INFO = NO;
				MTL_FAST_MATH = YES;
				SDKROOT = iphoneos;
				SWIFT_COMPILATION_MODE = wholemodule;
				VALIDATE_PRODUCT = YES;
			};
			name = Release;
		};
/* End XCBuildConfiguration section */

/* Begin XCConfigurationList section */
		DBCCF91F2D6F1884001623B2 /* Build configuration list for PBXProject "OsonTask" */ = {
			isa = XCConfigurationList;
			buildConfigurations = (
				DBCCF93A2D6F1885001623B2 /* Debug */,
				DBCCF93B2D6F1885001623B2 /* Release */,
			);
			defaultConfigurationIsVisible = 0;
			defaultConfigurationName = Release;
		};
		DBCCF9372D6F1885001623B2 /* Build configuration list for PBXNativeTarget "OsonTask" */ = {
			isa = XCConfigurationList;
			buildConfigurations = (
				DBCCF9382D6F1885001623B2 /* Debug */,
				DBCCF9392D6F1885001623B2 /* Release */,
			);
			defaultConfigurationIsVisible = 0;
			defaultConfigurationName = Release;
		};
/* End XCConfigurationList section */

/* Begin XCRemoteSwiftPackageReference section */
		DBCCF93D2D6F1C97001623B2 /* XCRemoteSwiftPackageReference "SnapKit" */ = {
			isa = XCRemoteSwiftPackageReference;
			repositoryURL = "https://github.com/SnapKit/SnapKit.git";
			requirement = {
				kind = upToNextMajorVersion;
				minimumVersion = 5.7.1;
			};
		};
		DBCCF9402D6F1CB7001623B2 /* XCRemoteSwiftPackageReference "Alamofire" */ = {
			isa = XCRemoteSwiftPackageReference;
			repositoryURL = "https://github.com/Alamofire/Alamofire.git";
			requirement = {
				kind = upToNextMajorVersion;
				minimumVersion = 5.10.2;
			};
		};
/* End XCRemoteSwiftPackageReference section */

/* Begin XCSwiftPackageProductDependency section */
		DBCCF93E2D6F1C97001623B2 /* SnapKit */ = {
			isa = XCSwiftPackageProductDependency;
			package = DBCCF93D2D6F1C97001623B2 /* XCRemoteSwiftPackageReference "SnapKit" */;
			productName = SnapKit;
		};
		DBCCF9412D6F1CB7001623B2 /* Alamofire */ = {
			isa = XCSwiftPackageProductDependency;
			package = DBCCF9402D6F1CB7001623B2 /* XCRemoteSwiftPackageReference "Alamofire" */;
			productName = Alamofire;
		};
/* End XCSwiftPackageProductDependency section */
	};
	rootObject = DBCCF91C2D6F1884001623B2 /* Project object */;
}
